
Microsoft Visual Studio Solution File, Format Version 12.00
# Visual Studio Version 16
VisualStudioVersion = 16.0.32126.315
MinimumVisualStudioVersion = 10.0.40219.1
Project("{FAE04EC0-301F-11D3-BF4B-00C04F79EFBC}") = "laba4", "laba4\laba4.csproj", "{7FA62045-7D1F-457C-A0DE-E188E0E6C4C8}"
EndProject
Global
	GlobalSection(SolutionConfigurationPlatforms) = preSolution
		Debug|Any CPU = Debug|Any CPU
		Release|Any CPU = Release|Any CPU
	EndGlobalSection
	GlobalSection(ProjectConfigurationPlatforms) = postSolution
		{7FA62045-7D1F-457C-A0DE-E188E0E6C4C8}.Debug|Any CPU.ActiveCfg = Debug|Any CPU
		{7FA62045-7D1F-457C-A0DE-E188E0E6C4C8}.Debug|Any CPU.Build.0 = Debug|Any CPU
		{7FA62045-7D1F-457C-A0DE-E188E0E6C4C8}.Release|Any CPU.ActiveCfg = Release|Any CPU
		{7FA62045-7D1F-457C-A0DE-E188E0E6C4C8}.Release|Any CPU.Build.0 = Release|Any CPU
	EndGlobalSection
	GlobalSection(SolutionProperties) = preSolution
		HideSolutionNode = FALSE
	EndGlobalSection
	GlobalSection(ExtensibilityGlobals) = postSolution
		SolutionGuid = {6BE1E425-E945-43C7-B9B1-8FEB05DB6CD8}
	EndGlobalSection
EndGlobal
