
Microsoft Visual Studio Solution File, Format Version 12.00
# Visual Studio Version 16
VisualStudioVersion = 16.0.32126.315
MinimumVisualStudioVersion = 10.0.40219.1
Project("{FAE04EC0-301F-11D3-BF4B-00C04F79EFBC}") = "laba6", "laba6\laba6.csproj", "{8E29E12D-6738-49A6-9775-9C80E6B9EAD4}"
EndProject
Global
	GlobalSection(SolutionConfigurationPlatforms) = preSolution
		Debug|Any CPU = Debug|Any CPU
		Release|Any CPU = Release|Any CPU
	EndGlobalSection
	GlobalSection(ProjectConfigurationPlatforms) = postSolution
		{8E29E12D-6738-49A6-9775-9C80E6B9EAD4}.Debug|Any CPU.ActiveCfg = Debug|Any CPU
		{8E29E12D-6738-49A6-9775-9C80E6B9EAD4}.Debug|Any CPU.Build.0 = Debug|Any CPU
		{8E29E12D-6738-49A6-9775-9C80E6B9EAD4}.Release|Any CPU.ActiveCfg = Release|Any CPU
		{8E29E12D-6738-49A6-9775-9C80E6B9EAD4}.Release|Any CPU.Build.0 = Release|Any CPU
	EndGlobalSection
	GlobalSection(SolutionProperties) = preSolution
		HideSolutionNode = FALSE
	EndGlobalSection
	GlobalSection(ExtensibilityGlobals) = postSolution
		SolutionGuid = {927E4417-2028-490D-A614-44BF3B8DB6D2}
	EndGlobalSection
EndGlobal
